// !$*UTF8*$!
{
	archiveVersion = 1;
	classes = {
	};
	objectVersion = 55;
	objects = {

/* Begin PBXBuildFile section */
		BD4D57EB281DE55000DCE06A /* AppDelegate.swift in Sources */ = {isa = PBXBuildFile; fileRef = BD4D57EA281DE55000DCE06A /* AppDelegate.swift */; };
		BD4D57ED281DE55000DCE06A /* SceneDelegate.swift in Sources */ = {isa = PBXBuildFile; fileRef = BD4D57EC281DE55000DCE06A /* SceneDelegate.swift */; };
		BD4D57EF281DE55000DCE06A /* ViewController.swift in Sources */ = {isa = PBXBuildFile; fileRef = BD4D57EE281DE55000DCE06A /* ViewController.swift */; };
		BD4D57F2281DE55000DCE06A /* Main.storyboard in Resources */ = {isa = PBXBuildFile; fileRef = BD4D57F0281DE55000DCE06A /* Main.storyboard */; };
		BD4D57F4281DE55200DCE06A /* Assets.xcassets in Resources */ = {isa = PBXBuildFile; fileRef = BD4D57F3281DE55200DCE06A /* Assets.xcassets */; };
		BD4D57F7281DE55200DCE06A /* LaunchScreen.storyboard in Resources */ = {isa = PBXBuildFile; fileRef = BD4D57F5281DE55200DCE06A /* LaunchScreen.storyboard */; };
		BD4D57FF281DE64F00DCE06A /* EntryViewController.swift in Sources */ = {isa = PBXBuildFile; fileRef = BD4D57FE281DE64F00DCE06A /* EntryViewController.swift */; };
		BD4D5801281DE65800DCE06A /* NotesViewController.swift in Sources */ = {isa = PBXBuildFile; fileRef = BD4D5800281DE65800DCE06A /* NotesViewController.swift */; };
		BD4D5825281F094200DCE06A /* ListViewController.swift in Sources */ = {isa = PBXBuildFile; fileRef = BD4D5824281F094200DCE06A /* ListViewController.swift */; };
		BD4D5827281F0BFE00DCE06A /* DetailViewController.swift in Sources */ = {isa = PBXBuildFile; fileRef = BD4D5826281F0BFE00DCE06A /* DetailViewController.swift */; };
		BD4D5829281F125E00DCE06A /* Drinks.swift in Sources */ = {isa = PBXBuildFile; fileRef = BD4D5828281F125E00DCE06A /* Drinks.swift */; };
		BD4D582B281F154000DCE06A /* Drinkss.swift in Sources */ = {isa = PBXBuildFile; fileRef = BD4D582A281F154000DCE06A /* Drinkss.swift */; };
		BD8B4C98281F840A0030153E /* MealListViewController.swift in Sources */ = {isa = PBXBuildFile; fileRef = BD8B4C97281F840A0030153E /* MealListViewController.swift */; };
		BD8B4C9A281F87100030153E /* MealDetailViewController.swift in Sources */ = {isa = PBXBuildFile; fileRef = BD8B4C99281F87100030153E /* MealDetailViewController.swift */; };
		BD8B4C9C28202A650030153E /* Meals.swift in Sources */ = {isa = PBXBuildFile; fileRef = BD8B4C9B28202A650030153E /* Meals.swift */; };
		BD8B4CA228202E800030153E /* Mealss.swift in Sources */ = {isa = PBXBuildFile; fileRef = BD8B4CA128202E800030153E /* Mealss.swift */; };
		BD8B4CA4282050810030153E /* RandomViewController.swift in Sources */ = {isa = PBXBuildFile; fileRef = BD8B4CA3282050810030153E /* RandomViewController.swift */; };
/* End PBXBuildFile section */

/* Begin PBXFileReference section */
		BD4D57E7281DE55000DCE06A /* testApp.app */ = {isa = PBXFileReference; explicitFileType = wrapper.application; includeInIndex = 0; path = testApp.app; sourceTree = BUILT_PRODUCTS_DIR; };
		BD4D57EA281DE55000DCE06A /* AppDelegate.swift */ = {isa = PBXFileReference; lastKnownFileType = sourcecode.swift; path = AppDelegate.swift; sourceTree = "<group>"; };
		BD4D57EC281DE55000DCE06A /* SceneDelegate.swift */ = {isa = PBXFileReference; lastKnownFileType = sourcecode.swift; path = SceneDelegate.swift; sourceTree = "<group>"; };
		BD4D57EE281DE55000DCE06A /* ViewController.swift */ = {isa = PBXFileReference; lastKnownFileType = sourcecode.swift; path = ViewController.swift; sourceTree = "<group>"; };
		BD4D57F1281DE55000DCE06A /* Base */ = {isa = PBXFileReference; lastKnownFileType = file.storyboard; name = Base; path = Base.lproj/Main.storyboard; sourceTree = "<group>"; };
		BD4D57F3281DE55200DCE06A /* Assets.xcassets */ = {isa = PBXFileReference; lastKnownFileType = folder.assetcatalog; path = Assets.xcassets; sourceTree = "<group>"; };
		BD4D57F6281DE55200DCE06A /* Base */ = {isa = PBXFileReference; lastKnownFileType = file.storyboard; name = Base; path = Base.lproj/LaunchScreen.storyboard; sourceTree = "<group>"; };
		BD4D57F8281DE55200DCE06A /* Info.plist */ = {isa = PBXFileReference; lastKnownFileType = text.plist.xml; path = Info.plist; sourceTree = "<group>"; };
		BD4D57FE281DE64F00DCE06A /* EntryViewController.swift */ = {isa = PBXFileReference; lastKnownFileType = sourcecode.swift; path = EntryViewController.swift; sourceTree = "<group>"; };
		BD4D5800281DE65800DCE06A /* NotesViewController.swift */ = {isa = PBXFileReference; lastKnownFileType = sourcecode.swift; path = NotesViewController.swift; sourceTree = "<group>"; };
		BD4D5824281F094200DCE06A /* ListViewController.swift */ = {isa = PBXFileReference; lastKnownFileType = sourcecode.swift; path = ListViewController.swift; sourceTree = "<group>"; };
		BD4D5826281F0BFE00DCE06A /* DetailViewController.swift */ = {isa = PBXFileReference; lastKnownFileType = sourcecode.swift; path = DetailViewController.swift; sourceTree = "<group>"; };
		BD4D5828281F125E00DCE06A /* Drinks.swift */ = {isa = PBXFileReference; lastKnownFileType = sourcecode.swift; path = Drinks.swift; sourceTree = "<group>"; };
		BD4D582A281F154000DCE06A /* Drinkss.swift */ = {isa = PBXFileReference; lastKnownFileType = sourcecode.swift; path = Drinkss.swift; sourceTree = "<group>"; };
		BD8B4C97281F840A0030153E /* MealListViewController.swift */ = {isa = PBXFileReference; lastKnownFileType = sourcecode.swift; path = MealListViewController.swift; sourceTree = "<group>"; };
		BD8B4C99281F87100030153E /* MealDetailViewController.swift */ = {isa = PBXFileReference; lastKnownFileType = sourcecode.swift; path = MealDetailViewController.swift; sourceTree = "<group>"; };
		BD8B4C9B28202A650030153E /* Meals.swift */ = {isa = PBXFileReference; lastKnownFileType = sourcecode.swift; path = Meals.swift; sourceTree = "<group>"; };
		BD8B4CA128202E800030153E /* Mealss.swift */ = {isa = PBXFileReference; lastKnownFileType = sourcecode.swift; path = Mealss.swift; sourceTree = "<group>"; };
		BD8B4CA3282050810030153E /* RandomViewController.swift */ = {isa = PBXFileReference; lastKnownFileType = sourcecode.swift; path = RandomViewController.swift; sourceTree = "<group>"; };
/* End PBXFileReference section */

/* Begin PBXFrameworksBuildPhase section */
		BD4D57E4281DE55000DCE06A /* Frameworks */ = {
			isa = PBXFrameworksBuildPhase;
			buildActionMask = 2147483647;
			files = (
			);
			runOnlyForDeploymentPostprocessing = 0;
		};
/* End PBXFrameworksBuildPhase section */

/* Begin PBXGroup section */
		BD4D57DE281DE55000DCE06A = {
			isa = PBXGroup;
			children = (
				BD4D57E9281DE55000DCE06A /* testApp */,
				BD4D57E8281DE55000DCE06A /* Products */,
			);
			sourceTree = "<group>";
		};
		BD4D57E8281DE55000DCE06A /* Products */ = {
			isa = PBXGroup;
			children = (
				BD4D57E7281DE55000DCE06A /* testApp.app */,
			);
			name = Products;
			sourceTree = "<group>";
		};
		BD4D57E9281DE55000DCE06A /* testApp */ = {
			isa = PBXGroup;
			children = (
				BD4D57EA281DE55000DCE06A /* AppDelegate.swift */,
				BD4D57EC281DE55000DCE06A /* SceneDelegate.swift */,
				BD4D57EE281DE55000DCE06A /* ViewController.swift */,
				BD4D5828281F125E00DCE06A /* Drinks.swift */,
				BD4D582A281F154000DCE06A /* Drinkss.swift */,
				BD4D5824281F094200DCE06A /* ListViewController.swift */,
				BD4D5826281F0BFE00DCE06A /* DetailViewController.swift */,
				BD8B4C97281F840A0030153E /* MealListViewController.swift */,
				BD8B4C99281F87100030153E /* MealDetailViewController.swift */,
				BD8B4C9B28202A650030153E /* Meals.swift */,
				BD8B4CA128202E800030153E /* Mealss.swift */,
				BD4D57FE281DE64F00DCE06A /* EntryViewController.swift */,
				BD4D5800281DE65800DCE06A /* NotesViewController.swift */,
				BD8B4CA3282050810030153E /* RandomViewController.swift */,
				BD4D57F0281DE55000DCE06A /* Main.storyboard */,
				BD4D57F3281DE55200DCE06A /* Assets.xcassets */,
				BD4D57F5281DE55200DCE06A /* LaunchScreen.storyboard */,
				BD4D57F8281DE55200DCE06A /* Info.plist */,
			);
			path = testApp;
			sourceTree = "<group>";
		};
/* End PBXGroup section */

/* Begin PBXNativeTarget section */
		BD4D57E6281DE55000DCE06A /* testApp */ = {
			isa = PBXNativeTarget;
			buildConfigurationList = BD4D57FB281DE55200DCE06A /* Build configuration list for PBXNativeTarget "testApp" */;
			buildPhases = (
				BD4D57E3281DE55000DCE06A /* Sources */,
				BD4D57E4281DE55000DCE06A /* Frameworks */,
				BD4D57E5281DE55000DCE06A /* Resources */,
			);
			buildRules = (
			);
			dependencies = (
			);
			name = testApp;
			productName = testApp;
			productReference = BD4D57E7281DE55000DCE06A /* testApp.app */;
			productType = "com.apple.product-type.application";
		};
/* End PBXNativeTarget section */

/* Begin PBXProject section */
		BD4D57DF281DE55000DCE06A /* Project object */ = {
			isa = PBXProject;
			attributes = {
				BuildIndependentTargetsInParallel = 1;
				LastSwiftUpdateCheck = 1320;
				LastUpgradeCheck = 1320;
				TargetAttributes = {
					BD4D57E6281DE55000DCE06A = {
						CreatedOnToolsVersion = 13.2.1;
					};
				};
			};
			buildConfigurationList = BD4D57E2281DE55000DCE06A /* Build configuration list for PBXProject "testApp" */;
			compatibilityVersion = "Xcode 13.0";
			developmentRegion = en;
			hasScannedForEncodings = 0;
			knownRegions = (
				en,
				Base,
			);
			mainGroup = BD4D57DE281DE55000DCE06A;
			productRefGroup = BD4D57E8281DE55000DCE06A /* Products */;
			projectDirPath = "";
			projectRoot = "";
			targets = (
				BD4D57E6281DE55000DCE06A /* testApp */,
			);
		};
/* End PBXProject section */

/* Begin PBXResourcesBuildPhase section */
		BD4D57E5281DE55000DCE06A /* Resources */ = {
			isa = PBXResourcesBuildPhase;
			buildActionMask = 2147483647;
			files = (
				BD4D57F7281DE55200DCE06A /* LaunchScreen.storyboard in Resources */,
				BD4D57F4281DE55200DCE06A /* Assets.xcassets in Resources */,
				BD4D57F2281DE55000DCE06A /* Main.storyboard in Resources */,
			);
			runOnlyForDeploymentPostprocessing = 0;
		};
/* End PBXResourcesBuildPhase section */

/* Begin PBXSourcesBuildPhase section */
		BD4D57E3281DE55000DCE06A /* Sources */ = {
			isa = PBXSourcesBuildPhase;
			buildActionMask = 2147483647;
			files = (
				BD8B4C9C28202A650030153E /* Meals.swift in Sources */,
				BD4D57EF281DE55000DCE06A /* ViewController.swift in Sources */,
				BD8B4C98281F840A0030153E /* MealListViewController.swift in Sources */,
				BD8B4CA4282050810030153E /* RandomViewController.swift in Sources */,
				BD4D5801281DE65800DCE06A /* NotesViewController.swift in Sources */,
				BD8B4CA228202E800030153E /* Mealss.swift in Sources */,
				BD4D5829281F125E00DCE06A /* Drinks.swift in Sources */,
				BD8B4C9A281F87100030153E /* MealDetailViewController.swift in Sources */,
				BD4D582B281F154000DCE06A /* Drinkss.swift in Sources */,
				BD4D5825281F094200DCE06A /* ListViewController.swift in Sources */,
				BD4D57FF281DE64F00DCE06A /* EntryViewController.swift in Sources */,
				BD4D57EB281DE55000DCE06A /* AppDelegate.swift in Sources */,
				BD4D57ED281DE55000DCE06A /* SceneDelegate.swift in Sources */,
				BD4D5827281F0BFE00DCE06A /* DetailViewController.swift in Sources */,
			);
			runOnlyForDeploymentPostprocessing = 0;
		};
/* End PBXSourcesBuildPhase section */

/* Begin PBXVariantGroup section */
		BD4D57F0281DE55000DCE06A /* Main.storyboard */ = {
			isa = PBXVariantGroup;
			children = (
				BD4D57F1281DE55000DCE06A /* Base */,
			);
			name = Main.storyboard;
			sourceTree = "<group>";
		};
		BD4D57F5281DE55200DCE06A /* LaunchScreen.storyboard */ = {
			isa = PBXVariantGroup;
			children = (
				BD4D57F6281DE55200DCE06A /* Base */,
			);
			name = LaunchScreen.storyboard;
			sourceTree = "<group>";
		};
/* End PBXVariantGroup section */

/* Begin XCBuildConfiguration section */
		BD4D57F9281DE55200DCE06A /* Debug */ = {
			isa = XCBuildConfiguration;
			buildSettings = {
				ALWAYS_SEARCH_USER_PATHS = NO;
				CLANG_ANALYZER_NONNULL = YES;
				CLANG_ANALYZER_NUMBER_OBJECT_CONVERSION = YES_AGGRESSIVE;
				CLANG_CXX_LANGUAGE_STANDARD = "gnu++17";
				CLANG_CXX_LIBRARY = "libc++";
				CLANG_ENABLE_MODULES = YES;
				CLANG_ENABLE_OBJC_ARC = YES;
				CLANG_ENABLE_OBJC_WEAK = YES;
				CLANG_WARN_BLOCK_CAPTURE_AUTORELEASING = YES;
				CLANG_WARN_BOOL_CONVERSION = YES;
				CLANG_WARN_COMMA = YES;
				CLANG_WARN_CONSTANT_CONVERSION = YES;
				CLANG_WARN_DEPRECATED_OBJC_IMPLEMENTATIONS = YES;
				CLANG_WARN_DIRECT_OBJC_ISA_USAGE = YES_ERROR;
				CLANG_WARN_DOCUMENTATION_COMMENTS = YES;
				CLANG_WARN_EMPTY_BODY = YES;
				CLANG_WARN_ENUM_CONVERSION = YES;
				CLANG_WARN_INFINITE_RECURSION = YES;
				CLANG_WARN_INT_CONVERSION = YES;
				CLANG_WARN_NON_LITERAL_NULL_CONVERSION = YES;
				CLANG_WARN_OBJC_IMPLICIT_RETAIN_SELF = YES;
				CLANG_WARN_OBJC_LITERAL_CONVERSION = YES;
				CLANG_WARN_OBJC_ROOT_CLASS = YES_ERROR;
				CLANG_WARN_QUOTED_INCLUDE_IN_FRAMEWORK_HEADER = YES;
				CLANG_WARN_RANGE_LOOP_ANALYSIS = YES;
				CLANG_WARN_STRICT_PROTOTYPES = YES;
				CLANG_WARN_SUSPICIOUS_MOVE = YES;
				CLANG_WARN_UNGUARDED_AVAILABILITY = YES_AGGRESSIVE;
				CLANG_WARN_UNREACHABLE_CODE = YES;
				CLANG_WARN__DUPLICATE_METHOD_MATCH = YES;
				COPY_PHASE_STRIP = NO;
				DEBUG_INFORMATION_FORMAT = dwarf;
				ENABLE_STRICT_OBJC_MSGSEND = YES;
				ENABLE_TESTABILITY = YES;
				GCC_C_LANGUAGE_STANDARD = gnu11;
				GCC_DYNAMIC_NO_PIC = NO;
				GCC_NO_COMMON_BLOCKS = YES;
				GCC_OPTIMIZATION_LEVEL = 0;
				GCC_PREPROCESSOR_DEFINITIONS = (
					"DEBUG=1",
					"$(inherited)",
				);
				GCC_WARN_64_TO_32_BIT_CONVERSION = YES;
				GCC_WARN_ABOUT_RETURN_TYPE = YES_ERROR;
				GCC_WARN_UNDECLARED_SELECTOR = YES;
				GCC_WARN_UNINITIALIZED_AUTOS = YES_AGGRESSIVE;
				GCC_WARN_UNUSED_FUNCTION = YES;
				GCC_WARN_UNUSED_VARIABLE = YES;
				IPHONEOS_DEPLOYMENT_TARGET = 15.2;
				MTL_ENABLE_DEBUG_INFO = INCLUDE_SOURCE;
				MTL_FAST_MATH = YES;
				ONLY_ACTIVE_ARCH = YES;
				SDKROOT = iphoneos;
				SWIFT_ACTIVE_COMPILATION_CONDITIONS = DEBUG;
				SWIFT_OPTIMIZATION_LEVEL = "-Onone";
			};
			name = Debug;
		};
		BD4D57FA281DE55200DCE06A /* Release */ = {
			isa = XCBuildConfiguration;
			buildSettings = {
				ALWAYS_SEARCH_USER_PATHS = NO;
				CLANG_ANALYZER_NONNULL = YES;
				CLANG_ANALYZER_NUMBER_OBJECT_CONVERSION = YES_AGGRESSIVE;
				CLANG_CXX_LANGUAGE_STANDARD = "gnu++17";
				CLANG_CXX_LIBRARY = "libc++";
				CLANG_ENABLE_MODULES = YES;
				CLANG_ENABLE_OBJC_ARC = YES;
				CLANG_ENABLE_OBJC_WEAK = YES;
				CLANG_WARN_BLOCK_CAPTURE_AUTORELEASING = YES;
				CLANG_WARN_BOOL_CONVERSION = YES;
				CLANG_WARN_COMMA = YES;
				CLANG_WARN_CONSTANT_CONVERSION = YES;
				CLANG_WARN_DEPRECATED_OBJC_IMPLEMENTATIONS = YES;
				CLANG_WARN_DIRECT_OBJC_ISA_USAGE = YES_ERROR;
				CLANG_WARN_DOCUMENTATION_COMMENTS = YES;
				CLANG_WARN_EMPTY_BODY = YES;
				CLANG_WARN_ENUM_CONVERSION = YES;
				CLANG_WARN_INFINITE_RECURSION = YES;
				CLANG_WARN_INT_CONVERSION = YES;
				CLANG_WARN_NON_LITERAL_NULL_CONVERSION = YES;
				CLANG_WARN_OBJC_IMPLICIT_RETAIN_SELF = YES;
				CLANG_WARN_OBJC_LITERAL_CONVERSION = YES;
				CLANG_WARN_OBJC_ROOT_CLASS = YES_ERROR;
				CLANG_WARN_QUOTED_INCLUDE_IN_FRAMEWORK_HEADER = YES;
				CLANG_WARN_RANGE_LOOP_ANALYSIS = YES;
				CLANG_WARN_STRICT_PROTOTYPES = YES;
				CLANG_WARN_SUSPICIOUS_MOVE = YES;
				CLANG_WARN_UNGUARDED_AVAILABILITY = YES_AGGRESSIVE;
				CLANG_WARN_UNREACHABLE_CODE = YES;
				CLANG_WARN__DUPLICATE_METHOD_MATCH = YES;
				COPY_PHASE_STRIP = NO;
				DEBUG_INFORMATION_FORMAT = "dwarf-with-dsym";
				ENABLE_NS_ASSERTIONS = NO;
				ENABLE_STRICT_OBJC_MSGSEND = YES;
				GCC_C_LANGUAGE_STANDARD = gnu11;
				GCC_NO_COMMON_BLOCKS = YES;
				GCC_WARN_64_TO_32_BIT_CONVERSION = YES;
				GCC_WARN_ABOUT_RETURN_TYPE = YES_ERROR;
				GCC_WARN_UNDECLARED_SELECTOR = YES;
				GCC_WARN_UNINITIALIZED_AUTOS = YES_AGGRESSIVE;
				GCC_WARN_UNUSED_FUNCTION = YES;
				GCC_WARN_UNUSED_VARIABLE = YES;
				IPHONEOS_DEPLOYMENT_TARGET = 15.2;
				MTL_ENABLE_DEBUG_INFO = NO;
				MTL_FAST_MATH = YES;
				SDKROOT = iphoneos;
				SWIFT_COMPILATION_MODE = wholemodule;
				SWIFT_OPTIMIZATION_LEVEL = "-O";
				VALIDATE_PRODUCT = YES;
			};
			name = Release;
		};
		BD4D57FC281DE55200DCE06A /* Debug */ = {
			isa = XCBuildConfiguration;
			buildSettings = {
				ASSETCATALOG_COMPILER_APPICON_NAME = AppIcon;
				ASSETCATALOG_COMPILER_GLOBAL_ACCENT_COLOR_NAME = AccentColor;
				CODE_SIGN_STYLE = Automatic;
				CURRENT_PROJECT_VERSION = 1;
				DEVELOPMENT_TEAM = WB93GZNQCD;
				GENERATE_INFOPLIST_FILE = YES;
				INFOPLIST_FILE = testApp/Info.plist;
				INFOPLIST_KEY_UIApplicationSupportsIndirectInputEvents = YES;
				INFOPLIST_KEY_UILaunchStoryboardName = LaunchScreen;
				INFOPLIST_KEY_UIMainStoryboardFile = Main;
				INFOPLIST_KEY_UISupportedInterfaceOrientations_iPad = "UIInterfaceOrientationPortrait UIInterfaceOrientationPortraitUpsideDown UIInterfaceOrientationLandscapeLeft UIInterfaceOrientationLandscapeRight";
				INFOPLIST_KEY_UISupportedInterfaceOrientations_iPhone = "UIInterfaceOrientationPortrait UIInterfaceOrientationLandscapeLeft UIInterfaceOrientationLandscapeRight";
				LD_RUNPATH_SEARCH_PATHS = (
					"$(inherited)",
					"@executable_path/Frameworks",
				);
				MARKETING_VERSION = 1.0;
				PRODUCT_BUNDLE_IDENTIFIER = "Chloe-Atha.testApp";
				PRODUCT_NAME = "$(TARGET_NAME)";
				SWIFT_EMIT_LOC_STRINGS = YES;
				SWIFT_VERSION = 5.0;
				TARGETED_DEVICE_FAMILY = "1,2";
			};
			name = Debug;
		};
		BD4D57FD281DE55200DCE06A /* Release */ = {
			isa = XCBuildConfiguration;
			buildSettings = {
				ASSETCATALOG_COMPILER_APPICON_NAME = AppIcon;
				ASSETCATALOG_COMPILER_GLOBAL_ACCENT_COLOR_NAME = AccentColor;
				CODE_SIGN_STYLE = Automatic;
				CURRENT_PROJECT_VERSION = 1;
				DEVELOPMENT_TEAM = WB93GZNQCD;
				GENERATE_INFOPLIST_FILE = YES;
				INFOPLIST_FILE = testApp/Info.plist;
				INFOPLIST_KEY_UIApplicationSupportsIndirectInputEvents = YES;
				INFOPLIST_KEY_UILaunchStoryboardName = LaunchScreen;
				INFOPLIST_KEY_UIMainStoryboardFile = Main;
				INFOPLIST_KEY_UISupportedInterfaceOrientations_iPad = "UIInterfaceOrientationPortrait UIInterfaceOrientationPortraitUpsideDown UIInterfaceOrientationLandscapeLeft UIInterfaceOrientationLandscapeRight";
				INFOPLIST_KEY_UISupportedInterfaceOrientations_iPhone = "UIInterfaceOrientationPortrait UIInterfaceOrientationLandscapeLeft UIInterfaceOrientationLandscapeRight";
				LD_RUNPATH_SEARCH_PATHS = (
					"$(inherited)",
					"@executable_path/Frameworks",
				);
				MARKETING_VERSION = 1.0;
				PRODUCT_BUNDLE_IDENTIFIER = "Chloe-Atha.testApp";
				PRODUCT_NAME = "$(TARGET_NAME)";
				SWIFT_EMIT_LOC_STRINGS = YES;
				SWIFT_VERSION = 5.0;
				TARGETED_DEVICE_FAMILY = "1,2";
			};
			name = Release;
		};
/* End XCBuildConfiguration section */

/* Begin XCConfigurationList section */
		BD4D57E2281DE55000DCE06A /* Build configuration list for PBXProject "testApp" */ = {
			isa = XCConfigurationList;
			buildConfigurations = (
				BD4D57F9281DE55200DCE06A /* Debug */,
				BD4D57FA281DE55200DCE06A /* Release */,
			);
			defaultConfigurationIsVisible = 0;
			defaultConfigurationName = Release;
		};
		BD4D57FB281DE55200DCE06A /* Build configuration list for PBXNativeTarget "testApp" */ = {
			isa = XCConfigurationList;
			buildConfigurations = (
				BD4D57FC281DE55200DCE06A /* Debug */,
				BD4D57FD281DE55200DCE06A /* Release */,
			);
			defaultConfigurationIsVisible = 0;
			defaultConfigurationName = Release;
		};
/* End XCConfigurationList section */
	};
	rootObject = BD4D57DF281DE55000DCE06A /* Project object */;
}
